
Microsoft Visual Studio Solution File, Format Version 12.00
# Visual Studio Version 17
VisualStudioVersion = 17.6.33815.320
MinimumVisualStudioVersion = 10.0.40219.1
Project("{9A19103F-16F7-4668-BE54-9A1E7A4F7556}") = "ЧМ лаба 1", "ЧМ лаба 1\ЧМ лаба 1.csproj", "{2D633A2B-D7B5-4847-9252-978A6597BC36}"
EndProject
Project("{2150E333-8FDC-42A3-9474-1A3956D46DE8}") = "Элементы решения", "Элементы решения", "{024E56AF-1636-4710-9793-1B2C406D618D}"
	ProjectSection(SolutionItems) = preProject
		ЧМ лаба 1\bin\Debug\net6.0\data.txt = ЧМ лаба 1\bin\Debug\net6.0\data.txt
		ЧМ лаба 1\bin\Debug\net6.0\result.txt = ЧМ лаба 1\bin\Debug\net6.0\result.txt
	EndProjectSection
EndProject
Global
	GlobalSection(SolutionConfigurationPlatforms) = preSolution
		Debug|Any CPU = Debug|Any CPU
		Release|Any CPU = Release|Any CPU
	EndGlobalSection
	GlobalSection(ProjectConfigurationPlatforms) = postSolution
		{2D633A2B-D7B5-4847-9252-978A6597BC36}.Debug|Any CPU.ActiveCfg = Debug|Any CPU
		{2D633A2B-D7B5-4847-9252-978A6597BC36}.Debug|Any CPU.Build.0 = Debug|Any CPU
		{2D633A2B-D7B5-4847-9252-978A6597BC36}.Release|Any CPU.ActiveCfg = Release|Any CPU
		{2D633A2B-D7B5-4847-9252-978A6597BC36}.Release|Any CPU.Build.0 = Release|Any CPU
	EndGlobalSection
	GlobalSection(SolutionProperties) = preSolution
		HideSolutionNode = FALSE
	EndGlobalSection
	GlobalSection(ExtensibilityGlobals) = postSolution
		SolutionGuid = {3239344C-5CCE-4A87-AACD-B91152374C84}
	EndGlobalSection
EndGlobal
